
Microsoft Visual Studio Solution File, Format Version 12.00
# Visual Studio Version 17
VisualStudioVersion = 17.4.33213.308
MinimumVisualStudioVersion = 10.0.40219.1
Project("{9A19103F-16F7-4668-BE54-9A1E7A4F7556}") = "WebApplication1", "WebApplication1\WebApplication1.csproj", "{31A4E490-F930-4350-99C0-F8F54604A058}"
EndProject
Project("{2150E333-8FDC-42A3-9474-1A3956D46DE8}") = "Test", "Test", "{573FD486-4832-44D8-A3B7-FD40427A2571}"
EndProject
Project("{9A19103F-16F7-4668-BE54-9A1E7A4F7556}") = "CuentasTest", "UsuariosTest\CuentasTest.csproj", "{28A1F1FB-64AB-4951-A530-FD65DD8415F5}"
EndProject
Global
	GlobalSection(SolutionConfigurationPlatforms) = preSolution
		Debug|Any CPU = Debug|Any CPU
		Release|Any CPU = Release|Any CPU
	EndGlobalSection
	GlobalSection(ProjectConfigurationPlatforms) = postSolution
		{31A4E490-F930-4350-99C0-F8F54604A058}.Debug|Any CPU.ActiveCfg = Debug|Any CPU
		{31A4E490-F930-4350-99C0-F8F54604A058}.Debug|Any CPU.Build.0 = Debug|Any CPU
		{31A4E490-F930-4350-99C0-F8F54604A058}.Release|Any CPU.ActiveCfg = Release|Any CPU
		{31A4E490-F930-4350-99C0-F8F54604A058}.Release|Any CPU.Build.0 = Release|Any CPU
		{28A1F1FB-64AB-4951-A530-FD65DD8415F5}.Debug|Any CPU.ActiveCfg = Debug|Any CPU
		{28A1F1FB-64AB-4951-A530-FD65DD8415F5}.Debug|Any CPU.Build.0 = Debug|Any CPU
		{28A1F1FB-64AB-4951-A530-FD65DD8415F5}.Release|Any CPU.ActiveCfg = Release|Any CPU
		{28A1F1FB-64AB-4951-A530-FD65DD8415F5}.Release|Any CPU.Build.0 = Release|Any CPU
	EndGlobalSection
	GlobalSection(SolutionProperties) = preSolution
		HideSolutionNode = FALSE
	EndGlobalSection
	GlobalSection(NestedProjects) = preSolution
		{28A1F1FB-64AB-4951-A530-FD65DD8415F5} = {573FD486-4832-44D8-A3B7-FD40427A2571}
	EndGlobalSection
	GlobalSection(ExtensibilityGlobals) = postSolution
		SolutionGuid = {EC047691-8C59-41F3-8EAA-D6A7BEF7F02A}
	EndGlobalSection
EndGlobal
